<?xml version="1.0" encoding="utf-8"?>
<Project ToolsVersion="4.0" xmlns="http://schemas.microsoft.com/developer/msbuild/2003">
  <ItemGroup>
    <Filter Include="源文件">
      <UniqueIdentifier>{4FC737F1-C7A5-4376-A066-2A32D752A2FF}</UniqueIdentifier>
      <Extensions>cpp;c;cc;cxx;def;odl;idl;hpj;bat;asm;asmx</Extensions>
    </Filter>
    <Filter Include="头文件">
      <UniqueIdentifier>{93995380-89BD-4b04-88EB-625FBE52EBFB}</UniqueIdentifier>
      <Extensions>h;hpp;hxx;hm;inl;inc;xsd</Extensions>
    </Filter>
    <Filter Include="资源文件">
      <UniqueIdentifier>{67DA6AB6-F800-4c08-8B7A-83BB121AAD01}</UniqueIdentifier>
      <Extensions>rc;ico;cur;bmp;dlg;rc2;rct;bin;rgs;gif;jpg;jpeg;jpe;resx;tiff;tif;png;wav;mfcribbon-ms</Extensions>
    </Filter>
  </ItemGroup>
  <ItemGroup>
    <Text Include="ReadMe.txt" />
  </ItemGroup>
  <ItemGroup>
    <ClInclude Include="ReportMaker01.h">
      <Filter>头文件</Filter>
    </ClInclude>
    <ClInclude Include="stdafx.h">
      <Filter>头文件</Filter>
    </ClInclude>
    <ClInclude Include="targetver.h">
      <Filter>头文件</Filter>
    </ClInclude>
    <ClInclude Include="MainFrm.h">
      <Filter>头文件</Filter>
    </ClInclude>
    <ClInclude Include="ReportMaker01Doc.h">
      <Filter>头文件</Filter>
    </ClInclude>
    <ClInclude Include="ReportMaker01View.h">
      <Filter>头文件</Filter>
    </ClInclude>
    <ClInclude Include="Resource.h">
      <Filter>头文件</Filter>
    </ClInclude>
    <ClInclude Include="FirstElevenDlg.h">
      <Filter>头文件</Filter>
    </ClInclude>
    <ClInclude Include="EventDlg.h">
      <Filter>头文件</Filter>
    </ClInclude>
    <ClInclude Include="EventEditDlg.h">
      <Filter>头文件</Filter>
    </ClInclude>
    <ClInclude Include="PlayerEditDlg.h">
      <Filter>头文件</Filter>
    </ClInclude>
    <ClInclude Include="PlayerEditDlg1.h">
      <Filter>头文件</Filter>
    </ClInclude>
    <ClInclude Include="GameNameDlg.h">
      <Filter>头文件</Filter>
    </ClInclude>
    <ClInclude Include="Penalty.h">
      <Filter>头文件</Filter>
    </ClInclude>
    <ClInclude Include="PlayerDlg.h">
      <Filter>头文件</Filter>
    </ClInclude>
    <ClInclude Include="FormatDlg.h">
      <Filter>头文件</Filter>
    </ClInclude>
    <ClInclude Include="CheckDlg.h">
      <Filter>头文件</Filter>
    </ClInclude>
  </ItemGroup>
  <ItemGroup>
    <ClCompile Include="ReportMaker01.cpp">
      <Filter>源文件</Filter>
    </ClCompile>
    <ClCompile Include="stdafx.cpp">
      <Filter>源文件</Filter>
    </ClCompile>
    <ClCompile Include="MainFrm.cpp">
      <Filter>源文件</Filter>
    </ClCompile>
    <ClCompile Include="ReportMaker01Doc.cpp">
      <Filter>源文件</Filter>
    </ClCompile>
    <ClCompile Include="ReportMaker01View.cpp">
      <Filter>源文件</Filter>
    </ClCompile>
    <ClCompile Include="FirstElevenDlg.cpp">
      <Filter>源文件</Filter>
    </ClCompile>
    <ClCompile Include="EventDlg.cpp">
      <Filter>源文件</Filter>
    </ClCompile>
    <ClCompile Include="EventEditDlg.cpp">
      <Filter>源文件</Filter>
    </ClCompile>
    <ClCompile Include="PlayerEditDlg.cpp">
      <Filter>源文件</Filter>
    </ClCompile>
    <ClCompile Include="PlayerEditDlg1.cpp">
      <Filter>源文件</Filter>
    </ClCompile>
    <ClCompile Include="GameNameDlg.cpp">
      <Filter>源文件</Filter>
    </ClCompile>
    <ClCompile Include="Penalty.cpp">
      <Filter>源文件</Filter>
    </ClCompile>
    <ClCompile Include="PlayerDlg.cpp">
      <Filter>源文件</Filter>
    </ClCompile>
    <ClCompile Include="FormatDlg.cpp">
      <Filter>源文件</Filter>
    </ClCompile>
    <ClCompile Include="CheckDlg.cpp">
      <Filter>源文件</Filter>
    </ClCompile>
  </ItemGroup>
  <ItemGroup>
    <ResourceCompile Include="ReportMaker01.rc">
      <Filter>资源文件</Filter>
    </ResourceCompile>
  </ItemGroup>
  <ItemGroup>
    <None Include="res\ReportMaker01.rc2">
      <Filter>资源文件</Filter>
    </None>
  </ItemGroup>
  <ItemGroup>
    <Image Include="res\ReportMaker01Doc.ico">
      <Filter>资源文件</Filter>
    </Image>
    <Image Include="res\ReportMaker01.ico">
      <Filter>资源文件</Filter>
    </Image>
    <Image Include="res\Toolbar.bmp">
      <Filter>资源文件</Filter>
    </Image>
    <Image Include="res\icon1.ico">
      <Filter>资源文件</Filter>
    </Image>
    <Image Include="01pics\ReportMaker01.ico">
      <Filter>资源文件</Filter>
    </Image>
    <Image Include="01pics\down.bmp">
      <Filter>资源文件</Filter>
    </Image>
    <Image Include="01pics\end.bmp">
      <Filter>资源文件</Filter>
    </Image>
    <Image Include="01pics\goal.bmp">
      <Filter>资源文件</Filter>
    </Image>
    <Image Include="01pics\ht.bmp">
      <Filter>资源文件</Filter>
    </Image>
    <Image Include="01pics\owng.bmp">
      <Filter>资源文件</Filter>
    </Image>
    <Image Include="01pics\peng.bmp">
      <Filter>资源文件</Filter>
    </Image>
    <Image Include="01pics\penmiss.bmp">
      <Filter>资源文件</Filter>
    </Image>
    <Image Include="01pics\red.bmp">
      <Filter>资源文件</Filter>
    </Image>
    <Image Include="01pics\start.bmp">
      <Filter>资源文件</Filter>
    </Image>
    <Image Include="01pics\up.bmp">
      <Filter>资源文件</Filter>
    </Image>
    <Image Include="01pics\yellow.bmp">
      <Filter>资源文件</Filter>
    </Image>
    <Image Include="01pics\yr.bmp">
      <Filter>资源文件</Filter>
    </Image>
    <Image Include="01pics\explan.bmp">
      <Filter>资源文件</Filter>
    </Image>
  </ItemGroup>
</Project>